// !$*UTF8*$!
{
	archiveVersion = 1;
	classes = {
	};
	objectVersion = 77;
	objects = {

/* Begin PBXBuildFile section */
		1A0000000000000000000014 /* ComponentsKit in Frameworks */ = {isa = PBXBuildFile; productRef = 1A0000000000000000000012 /* ComponentsKit */; };
		1A0000000000000000000015 /* DrinkTrackerCore in Frameworks */ = {isa = PBXBuildFile; productRef = 1A0000000000000000000013 /* DrinkTrackerCore */; };
		1A000000000000000000002A /* DrinkTrackerCore in Frameworks */ = {isa = PBXBuildFile; productRef = 1A0000000000000000000029 /* DrinkTrackerCore */; };
		1A000000000000000000002C /* DrinkTrackerWidgetExtension.appex in Embed Foundation Extensions */ = {isa = PBXBuildFile; fileRef = 1A0000000000000000000021 /* DrinkTrackerWidgetExtension.appex */; settings = {ATTRIBUTES = (RemoveHeadersOnCopy, ); }; };
		1A0000000000000000000035 /* AppGroup.swift in Sources */ = {isa = PBXBuildFile; fileRef = 1A0000000000000000000030 /* AppGroup.swift */; };
		1A0000000000000000000036 /* AppSettings.swift in Sources */ = {isa = PBXBuildFile; fileRef = 1A0000000000000000000031 /* AppSettings.swift */; };
		1A0000000000000000000037 /* DrinkEntry.swift in Sources */ = {isa = PBXBuildFile; fileRef = 1A0000000000000000000032 /* DrinkEntry.swift */; };
		1A0000000000000000000038 /* DrinkRepository.swift in Sources */ = {isa = PBXBuildFile; fileRef = 1A0000000000000000000033 /* DrinkRepository.swift */; };
		1A0000000000000000000039 /* LogDrinkIntent.swift in Sources */ = {isa = PBXBuildFile; fileRef = 1A0000000000000000000034 /* LogDrinkIntent.swift */; };
		1A000000000000000000003A /* AppGroup.swift in Sources */ = {isa = PBXBuildFile; fileRef = 1A0000000000000000000030 /* AppGroup.swift */; };
		1A000000000000000000003B /* AppSettings.swift in Sources */ = {isa = PBXBuildFile; fileRef = 1A0000000000000000000031 /* AppSettings.swift */; };
		1A000000000000000000003C /* DrinkEntry.swift in Sources */ = {isa = PBXBuildFile; fileRef = 1A0000000000000000000032 /* DrinkEntry.swift */; };
		1A000000000000000000003D /* DrinkRepository.swift in Sources */ = {isa = PBXBuildFile; fileRef = 1A0000000000000000000033 /* DrinkRepository.swift */; };
		1A000000000000000000003E /* LogDrinkIntent.swift in Sources */ = {isa = PBXBuildFile; fileRef = 1A0000000000000000000034 /* LogDrinkIntent.swift */; };
		1A000000000000000000004C /* AppGroup.swift in Sources */ = {isa = PBXBuildFile; fileRef = 1A0000000000000000000030 /* AppGroup.swift */; };
		1A000000000000000000004D /* AppSettings.swift in Sources */ = {isa = PBXBuildFile; fileRef = 1A0000000000000000000031 /* AppSettings.swift */; };
		1A000000000000000000004E /* DrinkEntry.swift in Sources */ = {isa = PBXBuildFile; fileRef = 1A0000000000000000000032 /* DrinkEntry.swift */; };
		1A000000000000000000004F /* DrinkRepository.swift in Sources */ = {isa = PBXBuildFile; fileRef = 1A0000000000000000000033 /* DrinkRepository.swift */; };
		1A0000000000000000000050 /* DrinkTrackerCore in Frameworks */ = {isa = PBXBuildFile; productRef = 1A000000000000000000004B /* DrinkTrackerCore */; };
		1A0000000000000000000061 /* SchemaVersions.swift in Sources */ = {isa = PBXBuildFile; fileRef = 1A0000000000000000000060 /* SchemaVersions.swift */; };
		1A0000000000000000000062 /* SchemaVersions.swift in Sources */ = {isa = PBXBuildFile; fileRef = 1A0000000000000000000060 /* SchemaVersions.swift */; };
		1A0000000000000000000063 /* SchemaVersions.swift in Sources */ = {isa = PBXBuildFile; fileRef = 1A0000000000000000000060 /* SchemaVersions.swift */; };
		1A000000000000000000007A /* DrinkTrackerWatchWidget.appex in Embed Foundation Extensions */ = {isa = PBXBuildFile; fileRef = 1A0000000000000000000071 /* DrinkTrackerWatchWidget.appex */; settings = {ATTRIBUTES = (RemoveHeadersOnCopy, ); }; };
		1A0000000000000000000082 /* IntensityPalette.swift in Sources */ = {isa = PBXBuildFile; fileRef = 1A0000000000000000000080 /* IntensityPalette.swift */; };
		1A0000000000000000000083 /* IntensityPalette.swift in Sources */ = {isa = PBXBuildFile; fileRef = 1A0000000000000000000080 /* IntensityPalette.swift */; };
		1A0000000000000000000084 /* IntensityPalette.swift in Sources */ = {isa = PBXBuildFile; fileRef = 1A0000000000000000000080 /* IntensityPalette.swift */; };
		1A0000000000000000000085 /* IntensityPalette.swift in Sources */ = {isa = PBXBuildFile; fileRef = 1A0000000000000000000080 /* IntensityPalette.swift */; };
		1A0000000000000000000086 /* Assets.xcassets in Resources */ = {isa = PBXBuildFile; fileRef = 1A0000000000000000000081 /* Assets.xcassets */; };
		1A0000000000000000000087 /* Assets.xcassets in Resources */ = {isa = PBXBuildFile; fileRef = 1A0000000000000000000081 /* Assets.xcassets */; };
		1A0000000000000000000088 /* Assets.xcassets in Resources */ = {isa = PBXBuildFile; fileRef = 1A0000000000000000000081 /* Assets.xcassets */; };
		1A0000000000000000000089 /* Assets.xcassets in Resources */ = {isa = PBXBuildFile; fileRef = 1A0000000000000000000081 /* Assets.xcassets */; };
		1A000000000000000000008A /* AppGroup.swift in Sources */ = {isa = PBXBuildFile; fileRef = 1A0000000000000000000030 /* AppGroup.swift */; };
		1A000000000000000000008B /* AppSettings.swift in Sources */ = {isa = PBXBuildFile; fileRef = 1A0000000000000000000031 /* AppSettings.swift */; };
		1A000000000000000000008C /* DrinkEntry.swift in Sources */ = {isa = PBXBuildFile; fileRef = 1A0000000000000000000032 /* DrinkEntry.swift */; };
		1A000000000000000000008D /* DrinkRepository.swift in Sources */ = {isa = PBXBuildFile; fileRef = 1A0000000000000000000033 /* DrinkRepository.swift */; };
		1A000000000000000000008E /* LogDrinkIntent.swift in Sources */ = {isa = PBXBuildFile; fileRef = 1A0000000000000000000034 /* LogDrinkIntent.swift */; };
		1A000000000000000000008F /* SchemaVersions.swift in Sources */ = {isa = PBXBuildFile; fileRef = 1A0000000000000000000060 /* SchemaVersions.swift */; };
		1A0000000000000000000090 /* AppGroup.swift in Sources */ = {isa = PBXBuildFile; fileRef = 1A0000000000000000000030 /* AppGroup.swift */; };
		1A0000000000000000000091 /* AppSettings.swift in Sources */ = {isa = PBXBuildFile; fileRef = 1A0000000000000000000031 /* AppSettings.swift */; };
		1A0000000000000000000092 /* DrinkEntry.swift in Sources */ = {isa = PBXBuildFile; fileRef = 1A0000000000000000000032 /* DrinkEntry.swift */; };
		1A0000000000000000000093 /* DrinkRepository.swift in Sources */ = {isa = PBXBuildFile; fileRef = 1A0000000000000000000033 /* DrinkRepository.swift */; };
		1A0000000000000000000094 /* LogDrinkIntent.swift in Sources */ = {isa = PBXBuildFile; fileRef = 1A0000000000000000000034 /* LogDrinkIntent.swift */; };
		1A0000000000000000000095 /* SchemaVersions.swift in Sources */ = {isa = PBXBuildFile; fileRef = 1A0000000000000000000060 /* SchemaVersions.swift */; };
		1A0000000000000000000098 /* DrinkTrackerCore in Frameworks */ = {isa = PBXBuildFile; productRef = 1A0000000000000000000096 /* DrinkTrackerCore */; };
		1A0000000000000000000099 /* DrinkTrackerCore in Frameworks */ = {isa = PBXBuildFile; productRef = 1A0000000000000000000097 /* DrinkTrackerCore */; };
		1A00000000000000000000A1 /* CloudKitStatusProbe.swift in Sources */ = {isa = PBXBuildFile; fileRef = 1A00000000000000000000A0 /* CloudKitStatusProbe.swift */; };
		1A00000000000000000000A2 /* CloudKitStatusProbe.swift in Sources */ = {isa = PBXBuildFile; fileRef = 1A00000000000000000000A0 /* CloudKitStatusProbe.swift */; };
		1A00000000000000000000A4 /* DayIntensity+Legend.swift in Sources */ = {isa = PBXBuildFile; fileRef = 1A00000000000000000000A3 /* DayIntensity+Legend.swift */; };
		1A00000000000000000000A5 /* DayIntensity+Legend.swift in Sources */ = {isa = PBXBuildFile; fileRef = 1A00000000000000000000A3 /* DayIntensity+Legend.swift */; };
		1A00000000000000000000A7 /* SessionDots.swift in Sources */ = {isa = PBXBuildFile; fileRef = 1A00000000000000000000A6 /* SessionDots.swift */; };
		1A00000000000000000000A8 /* SessionDots.swift in Sources */ = {isa = PBXBuildFile; fileRef = 1A00000000000000000000A6 /* SessionDots.swift */; };
		A8402E9530578E8F00F34E9E /* DrinkTrackerWatch.app in Embed Watch Content */ = {isa = PBXBuildFile; fileRef = A8402E8B30578E8E00F34E9E /* DrinkTrackerWatch.app */; settings = {ATTRIBUTES = (RemoveHeadersOnCopy, ); }; };
/* End PBXBuildFile section */

/* Begin PBXContainerItemProxy section */
		1A000000000000000000002E /* PBXContainerItemProxy */ = {
			isa = PBXContainerItemProxy;
			containerPortal = 1A0000000000000000000001 /* Project object */;
			proxyType = 1;
			remoteGlobalIDString = 1A0000000000000000000020;
			remoteInfo = DrinkTrackerWidgetExtension;
		};
		A8402E9330578E8F00F34E9E /* PBXContainerItemProxy */ = {
			isa = PBXContainerItemProxy;
			containerPortal = 1A0000000000000000000001 /* Project object */;
			proxyType = 1;
			remoteGlobalIDString = A8402E8A30578E8E00F34E9E;
			remoteInfo = DrinkTrackerWatch;
		};
		1A000000000000000000007C /* PBXContainerItemProxy */ = {
			isa = PBXContainerItemProxy;
			containerPortal = 1A0000000000000000000001 /* Project object */;
			proxyType = 1;
			remoteGlobalIDString = 1A0000000000000000000070;
			remoteInfo = DrinkTrackerWatchWidget;
		};
/* End PBXContainerItemProxy section */

/* Begin PBXCopyFilesBuildPhase section */
		1A000000000000000000002B /* Embed Foundation Extensions */ = {
			isa = PBXCopyFilesBuildPhase;
			buildActionMask = 2147483647;
			dstPath = "";
			dstSubfolderSpec = 13;
			files = (
				1A000000000000000000002C /* DrinkTrackerWidgetExtension.appex in Embed Foundation Extensions */,
			);
			name = "Embed Foundation Extensions";
			runOnlyForDeploymentPostprocessing = 0;
		};
		A8402E9630578E8F00F34E9E /* Embed Watch Content */ = {
			isa = PBXCopyFilesBuildPhase;
			buildActionMask = 2147483647;
			dstPath = "$(CONTENTS_FOLDER_PATH)/Watch";
			dstSubfolderSpec = 16;
			files = (
				A8402E9530578E8F00F34E9E /* DrinkTrackerWatch.app in Embed Watch Content */,
			);
			name = "Embed Watch Content";
			runOnlyForDeploymentPostprocessing = 0;
		};
		1A000000000000000000007B /* Embed Foundation Extensions */ = {
			isa = PBXCopyFilesBuildPhase;
			buildActionMask = 2147483647;
			dstPath = "";
			dstSubfolderSpec = 13;
			files = (
				1A000000000000000000007A /* DrinkTrackerWatchWidget.appex in Embed Foundation Extensions */,
			);
			name = "Embed Foundation Extensions";
			runOnlyForDeploymentPostprocessing = 0;
		};
/* End PBXCopyFilesBuildPhase section */

/* Begin PBXFileReference section */
		1A0000000000000000000005 /* DrinkTracker.app */ = {isa = PBXFileReference; explicitFileType = wrapper.application; includeInIndex = 0; path = DrinkTracker.app; sourceTree = BUILT_PRODUCTS_DIR; };
		1A0000000000000000000021 /* DrinkTrackerWidgetExtension.appex */ = {isa = PBXFileReference; explicitFileType = "wrapper.app-extension"; includeInIndex = 0; path = DrinkTrackerWidgetExtension.appex; sourceTree = BUILT_PRODUCTS_DIR; };
		1A0000000000000000000030 /* AppGroup.swift */ = {isa = PBXFileReference; lastKnownFileType = sourcecode.swift; path = AppGroup.swift; sourceTree = "<group>"; };
		1A0000000000000000000031 /* AppSettings.swift */ = {isa = PBXFileReference; lastKnownFileType = sourcecode.swift; path = AppSettings.swift; sourceTree = "<group>"; };
		1A0000000000000000000032 /* DrinkEntry.swift */ = {isa = PBXFileReference; lastKnownFileType = sourcecode.swift; path = DrinkEntry.swift; sourceTree = "<group>"; };
		1A0000000000000000000033 /* DrinkRepository.swift */ = {isa = PBXFileReference; lastKnownFileType = sourcecode.swift; path = DrinkRepository.swift; sourceTree = "<group>"; };
		1A0000000000000000000034 /* LogDrinkIntent.swift */ = {isa = PBXFileReference; lastKnownFileType = sourcecode.swift; path = LogDrinkIntent.swift; sourceTree = "<group>"; };
		1A0000000000000000000040 /* Signing.xcconfig */ = {isa = PBXFileReference; lastKnownFileType = text.xcconfig; path = Signing.xcconfig; sourceTree = "<group>"; };
		1A0000000000000000000042 /* DrinkTrackerTests.xctest */ = {isa = PBXFileReference; explicitFileType = wrapper.cfbundle; includeInIndex = 0; path = DrinkTrackerTests.xctest; sourceTree = BUILT_PRODUCTS_DIR; };
		1A0000000000000000000060 /* SchemaVersions.swift */ = {isa = PBXFileReference; lastKnownFileType = sourcecode.swift; path = SchemaVersions.swift; sourceTree = "<group>"; };
		1A0000000000000000000071 /* DrinkTrackerWatchWidget.appex */ = {isa = PBXFileReference; explicitFileType = "wrapper.app-extension"; includeInIndex = 0; path = DrinkTrackerWatchWidget.appex; sourceTree = BUILT_PRODUCTS_DIR; };
		1A0000000000000000000080 /* IntensityPalette.swift */ = {isa = PBXFileReference; lastKnownFileType = sourcecode.swift; path = IntensityPalette.swift; sourceTree = "<group>"; };
		1A0000000000000000000081 /* Assets.xcassets */ = {isa = PBXFileReference; lastKnownFileType = folder.assetcatalog; path = Assets.xcassets; sourceTree = "<group>"; };
		1A00000000000000000000A0 /* CloudKitStatusProbe.swift */ = {isa = PBXFileReference; lastKnownFileType = sourcecode.swift; path = CloudKitStatusProbe.swift; sourceTree = "<group>"; };
		1A00000000000000000000A3 /* DayIntensity+Legend.swift */ = {isa = PBXFileReference; lastKnownFileType = sourcecode.swift; path = "DayIntensity+Legend.swift"; sourceTree = "<group>"; };
		1A00000000000000000000A6 /* SessionDots.swift */ = {isa = PBXFileReference; lastKnownFileType = sourcecode.swift; path = SessionDots.swift; sourceTree = "<group>"; };
		A8402E8B30578E8E00F34E9E /* DrinkTrackerWatch.app */ = {isa = PBXFileReference; explicitFileType = wrapper.application; includeInIndex = 0; path = DrinkTrackerWatch.app; sourceTree = BUILT_PRODUCTS_DIR; };
/* End PBXFileReference section */

/* Begin PBXFileSystemSynchronizedBuildFileExceptionSet section */
		1A000000000000000000003F /* Exceptions for "DrinkTrackerWidget" folder in "DrinkTrackerWidgetExtension" target */ = {
			isa = PBXFileSystemSynchronizedBuildFileExceptionSet;
			membershipExceptions = (
				Info.plist,
			);
			target = 1A0000000000000000000020 /* DrinkTrackerWidgetExtension */;
		};
		1A0000000000000000000079 /* Exceptions for "DrinkTrackerWatchWidget" folder in "DrinkTrackerWatchWidget" target */ = {
			isa = PBXFileSystemSynchronizedBuildFileExceptionSet;
			membershipExceptions = (
				Info.plist,
			);
			target = 1A0000000000000000000070 /* DrinkTrackerWatchWidget */;
		};
		1A000000000000000000007E /* Exceptions for "DrinkTrackerWatch" folder in "DrinkTrackerWatch" target */ = {
			isa = PBXFileSystemSynchronizedBuildFileExceptionSet;
			membershipExceptions = (
				CLAUDE.md,
				Info.plist,
			);
			target = A8402E8A30578E8E00F34E9E /* DrinkTrackerWatch */;
		};
		1A000000000000000000007F /* Exceptions for "DrinkTracker" folder in "DrinkTracker" target */ = {
			isa = PBXFileSystemSynchronizedBuildFileExceptionSet;
			membershipExceptions = (
				Info.plist,
			);
			target = 1A0000000000000000000002 /* DrinkTracker */;
		};
/* End PBXFileSystemSynchronizedBuildFileExceptionSet section */

/* Begin PBXFileSystemSynchronizedRootGroup section */
		1A0000000000000000000006 /* DrinkTracker */ = {
			isa = PBXFileSystemSynchronizedRootGroup;
			exceptions = (
				1A000000000000000000007F /* Exceptions for "DrinkTracker" folder in "DrinkTracker" target */,
			);
			path = DrinkTracker;
			sourceTree = "<group>";
		};
		1A0000000000000000000022 /* DrinkTrackerWidget */ = {
			isa = PBXFileSystemSynchronizedRootGroup;
			exceptions = (
				1A000000000000000000003F /* Exceptions for "DrinkTrackerWidget" folder in "DrinkTrackerWidgetExtension" target */,
			);
			path = DrinkTrackerWidget;
			sourceTree = "<group>";
		};
		1A0000000000000000000043 /* DrinkTrackerTests */ = {
			isa = PBXFileSystemSynchronizedRootGroup;
			path = DrinkTrackerTests;
			sourceTree = "<group>";
		};
		1A0000000000000000000072 /* DrinkTrackerWatchWidget */ = {
			isa = PBXFileSystemSynchronizedRootGroup;
			exceptions = (
				1A0000000000000000000079 /* Exceptions for "DrinkTrackerWatchWidget" folder in "DrinkTrackerWatchWidget" target */,
			);
			path = DrinkTrackerWatchWidget;
			sourceTree = "<group>";
		};
		A8402E8C30578E8E00F34E9E /* DrinkTrackerWatch */ = {
			isa = PBXFileSystemSynchronizedRootGroup;
			exceptions = (
				1A000000000000000000007E /* Exceptions for "DrinkTrackerWatch" folder in "DrinkTrackerWatch" target */,
			);
			path = DrinkTrackerWatch;
			sourceTree = "<group>";
		};
/* End PBXFileSystemSynchronizedRootGroup section */

/* Begin PBXFrameworksBuildPhase section */
		1A0000000000000000000008 /* Frameworks */ = {
			isa = PBXFrameworksBuildPhase;
			buildActionMask = 2147483647;
			files = (
				1A0000000000000000000014 /* ComponentsKit in Frameworks */,
				1A0000000000000000000015 /* DrinkTrackerCore in Frameworks */,
			);
			runOnlyForDeploymentPostprocessing = 0;
		};
		1A0000000000000000000024 /* Frameworks */ = {
			isa = PBXFrameworksBuildPhase;
			buildActionMask = 2147483647;
			files = (
				1A000000000000000000002A /* DrinkTrackerCore in Frameworks */,
			);
			runOnlyForDeploymentPostprocessing = 0;
		};
		1A0000000000000000000046 /* Frameworks */ = {
			isa = PBXFrameworksBuildPhase;
			buildActionMask = 2147483647;
			files = (
				1A0000000000000000000050 /* DrinkTrackerCore in Frameworks */,
			);
			runOnlyForDeploymentPostprocessing = 0;
		};
		1A0000000000000000000074 /* Frameworks */ = {
			isa = PBXFrameworksBuildPhase;
			buildActionMask = 2147483647;
			files = (
				1A0000000000000000000099 /* DrinkTrackerCore in Frameworks */,
			);
			runOnlyForDeploymentPostprocessing = 0;
		};
		A8402E8830578E8E00F34E9E /* Frameworks */ = {
			isa = PBXFrameworksBuildPhase;
			buildActionMask = 2147483647;
			files = (
				1A0000000000000000000098 /* DrinkTrackerCore in Frameworks */,
			);
			runOnlyForDeploymentPostprocessing = 0;
		};
/* End PBXFrameworksBuildPhase section */

/* Begin PBXGroup section */
		1A0000000000000000000003 = {
			isa = PBXGroup;
			children = (
				1A0000000000000000000041 /* Config */,
				1A000000000000000000002F /* Shared */,
				1A0000000000000000000006 /* DrinkTracker */,
				1A0000000000000000000022 /* DrinkTrackerWidget */,
				1A0000000000000000000043 /* DrinkTrackerTests */,
				A8402E8C30578E8E00F34E9E /* DrinkTrackerWatch */,
				1A0000000000000000000072 /* DrinkTrackerWatchWidget */,
				1A0000000000000000000004 /* Products */,
			);
			sourceTree = "<group>";
		};
		1A0000000000000000000004 /* Products */ = {
			isa = PBXGroup;
			children = (
				1A0000000000000000000005 /* DrinkTracker.app */,
				1A0000000000000000000021 /* DrinkTrackerWidgetExtension.appex */,
				1A0000000000000000000042 /* DrinkTrackerTests.xctest */,
				A8402E8B30578E8E00F34E9E /* DrinkTrackerWatch.app */,
				1A0000000000000000000071 /* DrinkTrackerWatchWidget.appex */,
			);
			name = Products;
			sourceTree = "<group>";
		};
		1A000000000000000000002F /* Shared */ = {
			isa = PBXGroup;
			children = (
				1A0000000000000000000030 /* AppGroup.swift */,
				1A0000000000000000000031 /* AppSettings.swift */,
				1A0000000000000000000081 /* Assets.xcassets */,
				1A00000000000000000000A0 /* CloudKitStatusProbe.swift */,
				1A00000000000000000000A3 /* DayIntensity+Legend.swift */,
				1A00000000000000000000A6 /* SessionDots.swift */,
				1A0000000000000000000032 /* DrinkEntry.swift */,
				1A0000000000000000000033 /* DrinkRepository.swift */,
				1A0000000000000000000080 /* IntensityPalette.swift */,
				1A0000000000000000000034 /* LogDrinkIntent.swift */,
				1A0000000000000000000060 /* SchemaVersions.swift */,
			);
			path = Shared;
			sourceTree = "<group>";
		};
		1A0000000000000000000041 /* Config */ = {
			isa = PBXGroup;
			children = (
				1A0000000000000000000040 /* Signing.xcconfig */,
			);
			path = Config;
			sourceTree = "<group>";
		};
/* End PBXGroup section */

/* Begin PBXNativeTarget section */
		1A0000000000000000000002 /* DrinkTracker */ = {
			isa = PBXNativeTarget;
			buildConfigurationList = 1A000000000000000000000B /* Build configuration list for PBXNativeTarget "DrinkTracker" */;
			buildPhases = (
				1A0000000000000000000007 /* Sources */,
				1A0000000000000000000008 /* Frameworks */,
				1A0000000000000000000009 /* Resources */,
				1A000000000000000000002B /* Embed Foundation Extensions */,
				A8402E9630578E8F00F34E9E /* Embed Watch Content */,
			);
			buildRules = (
			);
			dependencies = (
				1A000000000000000000002D /* PBXTargetDependency */,
				A8402E9430578E8F00F34E9E /* PBXTargetDependency */,
			);
			fileSystemSynchronizedGroups = (
				1A0000000000000000000006 /* DrinkTracker */,
			);
			name = DrinkTracker;
			packageProductDependencies = (
				1A0000000000000000000012 /* ComponentsKit */,
				1A0000000000000000000013 /* DrinkTrackerCore */,
			);
			productName = DrinkTracker;
			productReference = 1A0000000000000000000005 /* DrinkTracker.app */;
			productType = "com.apple.product-type.application";
		};
		1A0000000000000000000020 /* DrinkTrackerWidgetExtension */ = {
			isa = PBXNativeTarget;
			buildConfigurationList = 1A0000000000000000000026 /* Build configuration list for PBXNativeTarget "DrinkTrackerWidgetExtension" */;
			buildPhases = (
				1A0000000000000000000023 /* Sources */,
				1A0000000000000000000024 /* Frameworks */,
				1A0000000000000000000025 /* Resources */,
			);
			buildRules = (
			);
			dependencies = (
			);
			fileSystemSynchronizedGroups = (
				1A0000000000000000000022 /* DrinkTrackerWidget */,
			);
			name = DrinkTrackerWidgetExtension;
			packageProductDependencies = (
				1A0000000000000000000029 /* DrinkTrackerCore */,
			);
			productName = DrinkTrackerWidgetExtension;
			productReference = 1A0000000000000000000021 /* DrinkTrackerWidgetExtension.appex */;
			productType = "com.apple.product-type.app-extension";
		};
		1A0000000000000000000044 /* DrinkTrackerTests */ = {
			isa = PBXNativeTarget;
			buildConfigurationList = 1A000000000000000000004A /* Build configuration list for PBXNativeTarget "DrinkTrackerTests" */;
			buildPhases = (
				1A0000000000000000000045 /* Sources */,
				1A0000000000000000000046 /* Frameworks */,
				1A0000000000000000000047 /* Resources */,
			);
			buildRules = (
			);
			dependencies = (
			);
			fileSystemSynchronizedGroups = (
				1A0000000000000000000043 /* DrinkTrackerTests */,
			);
			name = DrinkTrackerTests;
			packageProductDependencies = (
				1A000000000000000000004B /* DrinkTrackerCore */,
			);
			productName = DrinkTrackerTests;
			productReference = 1A0000000000000000000042 /* DrinkTrackerTests.xctest */;
			productType = "com.apple.product-type.bundle.unit-test";
		};
		1A0000000000000000000070 /* DrinkTrackerWatchWidget */ = {
			isa = PBXNativeTarget;
			buildConfigurationList = 1A0000000000000000000076 /* Build configuration list for PBXNativeTarget "DrinkTrackerWatchWidget" */;
			buildPhases = (
				1A0000000000000000000073 /* Sources */,
				1A0000000000000000000074 /* Frameworks */,
				1A0000000000000000000075 /* Resources */,
			);
			buildRules = (
			);
			dependencies = (
			);
			fileSystemSynchronizedGroups = (
				1A0000000000000000000072 /* DrinkTrackerWatchWidget */,
			);
			name = DrinkTrackerWatchWidget;
			packageProductDependencies = (
				1A0000000000000000000097 /* DrinkTrackerCore */,
			);
			productName = DrinkTrackerWatchWidget;
			productReference = 1A0000000000000000000071 /* DrinkTrackerWatchWidget.appex */;
			productType = "com.apple.product-type.app-extension";
		};
		A8402E8A30578E8E00F34E9E /* DrinkTrackerWatch */ = {
			isa = PBXNativeTarget;
			buildConfigurationList = A8402E9930578E8F00F34E9E /* Build configuration list for PBXNativeTarget "DrinkTrackerWatch" */;
			buildPhases = (
				A8402E8730578E8E00F34E9E /* Sources */,
				A8402E8830578E8E00F34E9E /* Frameworks */,
				A8402E8930578E8E00F34E9E /* Resources */,
				1A000000000000000000007B /* Embed Foundation Extensions */,
			);
			buildRules = (
			);
			dependencies = (
				1A000000000000000000007D /* PBXTargetDependency */,
			);
			fileSystemSynchronizedGroups = (
				A8402E8C30578E8E00F34E9E /* DrinkTrackerWatch */,
			);
			name = DrinkTrackerWatch;
			packageProductDependencies = (
				1A0000000000000000000096 /* DrinkTrackerCore */,
			);
			productName = DrinkTrackerWatch;
			productReference = A8402E8B30578E8E00F34E9E /* DrinkTrackerWatch.app */;
			productType = "com.apple.product-type.application";
		};
/* End PBXNativeTarget section */

/* Begin PBXProject section */
		1A0000000000000000000001 /* Project object */ = {
			isa = PBXProject;
			attributes = {
				BuildIndependentTargetsInParallel = 1;
				LastSwiftUpdateCheck = 2660;
				LastUpgradeCheck = 2600;
				TargetAttributes = {
					1A0000000000000000000002 = {
						CreatedOnToolsVersion = 26.0;
					};
					1A0000000000000000000020 = {
						CreatedOnToolsVersion = 26.0;
					};
					1A0000000000000000000044 = {
						CreatedOnToolsVersion = 26.0;
					};
					1A0000000000000000000070 = {
						CreatedOnToolsVersion = 26.6;
					};
					A8402E8A30578E8E00F34E9E = {
						CreatedOnToolsVersion = 26.6;
					};
				};
			};
			buildConfigurationList = 1A000000000000000000000A /* Build configuration list for PBXProject "DrinkTracker" */;
			developmentRegion = en;
			hasScannedForEncodings = 0;
			knownRegions = (
				en,
				Base,
			);
			mainGroup = 1A0000000000000000000003;
			minimizedProjectReferenceProxies = 1;
			packageReferences = (
				1A0000000000000000000010 /* XCRemoteSwiftPackageReference "ComponentsKit" */,
				1A0000000000000000000011 /* XCLocalSwiftPackageReference "DrinkTrackerCore" */,
			);
			preferredProjectObjectVersion = 77;
			productRefGroup = 1A0000000000000000000004 /* Products */;
			projectDirPath = "";
			projectRoot = "";
			targets = (
				1A0000000000000000000002 /* DrinkTracker */,
				1A0000000000000000000020 /* DrinkTrackerWidgetExtension */,
				1A0000000000000000000044 /* DrinkTrackerTests */,
				A8402E8A30578E8E00F34E9E /* DrinkTrackerWatch */,
				1A0000000000000000000070 /* DrinkTrackerWatchWidget */,
			);
		};
/* End PBXProject section */

/* Begin PBXResourcesBuildPhase section */
		1A0000000000000000000009 /* Resources */ = {
			isa = PBXResourcesBuildPhase;
			buildActionMask = 2147483647;
			files = (
				1A0000000000000000000086 /* Assets.xcassets in Resources */,
			);
			runOnlyForDeploymentPostprocessing = 0;
		};
		1A0000000000000000000025 /* Resources */ = {
			isa = PBXResourcesBuildPhase;
			buildActionMask = 2147483647;
			files = (
				1A0000000000000000000087 /* Assets.xcassets in Resources */,
			);
			runOnlyForDeploymentPostprocessing = 0;
		};
		1A0000000000000000000047 /* Resources */ = {
			isa = PBXResourcesBuildPhase;
			buildActionMask = 2147483647;
			files = (
			);
			runOnlyForDeploymentPostprocessing = 0;
		};
		1A0000000000000000000075 /* Resources */ = {
			isa = PBXResourcesBuildPhase;
			buildActionMask = 2147483647;
			files = (
				1A0000000000000000000089 /* Assets.xcassets in Resources */,
			);
			runOnlyForDeploymentPostprocessing = 0;
		};
		A8402E8930578E8E00F34E9E /* Resources */ = {
			isa = PBXResourcesBuildPhase;
			buildActionMask = 2147483647;
			files = (
				1A0000000000000000000088 /* Assets.xcassets in Resources */,
			);
			runOnlyForDeploymentPostprocessing = 0;
		};
/* End PBXResourcesBuildPhase section */

/* Begin PBXSourcesBuildPhase section */
		1A0000000000000000000007 /* Sources */ = {
			isa = PBXSourcesBuildPhase;
			buildActionMask = 2147483647;
			files = (
				1A0000000000000000000035 /* AppGroup.swift in Sources */,
				1A0000000000000000000036 /* AppSettings.swift in Sources */,
				1A0000000000000000000037 /* DrinkEntry.swift in Sources */,
				1A0000000000000000000038 /* DrinkRepository.swift in Sources */,
				1A0000000000000000000039 /* LogDrinkIntent.swift in Sources */,
				1A0000000000000000000061 /* SchemaVersions.swift in Sources */,
				1A0000000000000000000082 /* IntensityPalette.swift in Sources */,
				1A00000000000000000000A1 /* CloudKitStatusProbe.swift in Sources */,
				1A00000000000000000000A4 /* DayIntensity+Legend.swift in Sources */,
			);
			runOnlyForDeploymentPostprocessing = 0;
		};
		1A0000000000000000000023 /* Sources */ = {
			isa = PBXSourcesBuildPhase;
			buildActionMask = 2147483647;
			files = (
				1A000000000000000000003A /* AppGroup.swift in Sources */,
				1A000000000000000000003B /* AppSettings.swift in Sources */,
				1A000000000000000000003C /* DrinkEntry.swift in Sources */,
				1A000000000000000000003D /* DrinkRepository.swift in Sources */,
				1A000000000000000000003E /* LogDrinkIntent.swift in Sources */,
				1A0000000000000000000062 /* SchemaVersions.swift in Sources */,
				1A0000000000000000000083 /* IntensityPalette.swift in Sources */,
			);
			runOnlyForDeploymentPostprocessing = 0;
		};
		1A0000000000000000000045 /* Sources */ = {
			isa = PBXSourcesBuildPhase;
			buildActionMask = 2147483647;
			files = (
				1A000000000000000000004C /* AppGroup.swift in Sources */,
				1A000000000000000000004D /* AppSettings.swift in Sources */,
				1A000000000000000000004E /* DrinkEntry.swift in Sources */,
				1A000000000000000000004F /* DrinkRepository.swift in Sources */,
				1A0000000000000000000063 /* SchemaVersions.swift in Sources */,
			);
			runOnlyForDeploymentPostprocessing = 0;
		};
		1A0000000000000000000073 /* Sources */ = {
			isa = PBXSourcesBuildPhase;
			buildActionMask = 2147483647;
			files = (
				1A0000000000000000000090 /* AppGroup.swift in Sources */,
				1A0000000000000000000091 /* AppSettings.swift in Sources */,
				1A0000000000000000000092 /* DrinkEntry.swift in Sources */,
				1A0000000000000000000093 /* DrinkRepository.swift in Sources */,
				1A0000000000000000000094 /* LogDrinkIntent.swift in Sources */,
				1A0000000000000000000095 /* SchemaVersions.swift in Sources */,
				1A0000000000000000000085 /* IntensityPalette.swift in Sources */,
				1A00000000000000000000A8 /* SessionDots.swift in Sources */,
			);
			runOnlyForDeploymentPostprocessing = 0;
		};
		A8402E8730578E8E00F34E9E /* Sources */ = {
			isa = PBXSourcesBuildPhase;
			buildActionMask = 2147483647;
			files = (
				1A000000000000000000008A /* AppGroup.swift in Sources */,
				1A000000000000000000008B /* AppSettings.swift in Sources */,
				1A000000000000000000008C /* DrinkEntry.swift in Sources */,
				1A000000000000000000008D /* DrinkRepository.swift in Sources */,
				1A000000000000000000008E /* LogDrinkIntent.swift in Sources */,
				1A000000000000000000008F /* SchemaVersions.swift in Sources */,
				1A0000000000000000000084 /* IntensityPalette.swift in Sources */,
				1A00000000000000000000A2 /* CloudKitStatusProbe.swift in Sources */,
				1A00000000000000000000A5 /* DayIntensity+Legend.swift in Sources */,
				1A00000000000000000000A7 /* SessionDots.swift in Sources */,
			);
			runOnlyForDeploymentPostprocessing = 0;
		};
/* End PBXSourcesBuildPhase section */

/* Begin PBXTargetDependency section */
		1A000000000000000000002D /* PBXTargetDependency */ = {
			isa = PBXTargetDependency;
			target = 1A0000000000000000000020 /* DrinkTrackerWidgetExtension */;
			targetProxy = 1A000000000000000000002E /* PBXContainerItemProxy */;
		};
		1A000000000000000000007D /* PBXTargetDependency */ = {
			isa = PBXTargetDependency;
			target = 1A0000000000000000000070 /* DrinkTrackerWatchWidget */;
			targetProxy = 1A000000000000000000007C /* PBXContainerItemProxy */;
		};
		A8402E9430578E8F00F34E9E /* PBXTargetDependency */ = {
			isa = PBXTargetDependency;
			target = A8402E8A30578E8E00F34E9E /* DrinkTrackerWatch */;
			targetProxy = A8402E9330578E8F00F34E9E /* PBXContainerItemProxy */;
		};
/* End PBXTargetDependency section */

/* Begin XCBuildConfiguration section */
		1A000000000000000000000C /* Debug */ = {
			isa = XCBuildConfiguration;
			baseConfigurationReference = 1A0000000000000000000040 /* Signing.xcconfig */;
			buildSettings = {
				ALWAYS_SEARCH_USER_PATHS = NO;
				ASSETCATALOG_COMPILER_GENERATE_SWIFT_ASSET_SYMBOL_EXTENSIONS = YES;
				CLANG_ANALYZER_NONNULL = YES;
				CLANG_ENABLE_MODULES = YES;
				CLANG_ENABLE_OBJC_ARC = YES;
				COPY_PHASE_STRIP = NO;
				DEBUG_INFORMATION_FORMAT = dwarf;
				ENABLE_STRICT_OBJC_MSGSEND = YES;
				ENABLE_TESTABILITY = YES;
				ENABLE_USER_SCRIPT_SANDBOXING = YES;
				GCC_C_LANGUAGE_STANDARD = gnu17;
				GCC_DYNAMIC_NO_PIC = NO;
				GCC_NO_COMMON_BLOCKS = YES;
				GCC_OPTIMIZATION_LEVEL = 0;
				GCC_PREPROCESSOR_DEFINITIONS = (
					"DEBUG=1",
					"$(inherited)",
				);
				IPHONEOS_DEPLOYMENT_TARGET = 26.0;
				MTL_ENABLE_DEBUG_INFO = INCLUDE_SOURCE;
				MTL_FAST_MATH = YES;
				ONLY_ACTIVE_ARCH = YES;
				SDKROOT = iphoneos;
				SWIFT_ACTIVE_COMPILATION_CONDITIONS = "DEBUG $(inherited)";
				SWIFT_OPTIMIZATION_LEVEL = "-Onone";
				SWIFT_VERSION = 5.0;
			};
			name = Debug;
		};
		1A000000000000000000000D /* Release */ = {
			isa = XCBuildConfiguration;
			baseConfigurationReference = 1A0000000000000000000040 /* Signing.xcconfig */;
			buildSettings = {
				ALWAYS_SEARCH_USER_PATHS = NO;
				ASSETCATALOG_COMPILER_GENERATE_SWIFT_ASSET_SYMBOL_EXTENSIONS = YES;
				CLANG_ANALYZER_NONNULL = YES;
				CLANG_ENABLE_MODULES = YES;
				CLANG_ENABLE_OBJC_ARC = YES;
				COPY_PHASE_STRIP = NO;
				DEBUG_INFORMATION_FORMAT = "dwarf-with-dsym";
				ENABLE_NS_ASSERTIONS = NO;
				ENABLE_STRICT_OBJC_MSGSEND = YES;
				ENABLE_USER_SCRIPT_SANDBOXING = YES;
				GCC_C_LANGUAGE_STANDARD = gnu17;
				GCC_NO_COMMON_BLOCKS = YES;
				IPHONEOS_DEPLOYMENT_TARGET = 26.0;
				MTL_ENABLE_DEBUG_INFO = NO;
				MTL_FAST_MATH = YES;
				SDKROOT = iphoneos;
				SWIFT_COMPILATION_MODE = wholemodule;
				SWIFT_VERSION = 5.0;
				VALIDATE_PRODUCT = YES;
			};
			name = Release;
		};
		1A000000000000000000000E /* Debug */ = {
			isa = XCBuildConfiguration;
			buildSettings = {
				ASSETCATALOG_COMPILER_APPICON_NAME = AppIcon;
				ASSETCATALOG_COMPILER_GLOBAL_ACCENT_COLOR_NAME = AccentColor;
				CODE_SIGN_ENTITLEMENTS = DrinkTracker/DrinkTracker.entitlements;
				CURRENT_PROJECT_VERSION = 1;
				ENABLE_PREVIEWS = YES;
				GENERATE_INFOPLIST_FILE = YES;
				INFOPLIST_FILE = DrinkTracker/Info.plist;
				INFOPLIST_KEY_CFBundleDisplayName = Tallyist;
				INFOPLIST_KEY_ITSAppUsesNonExemptEncryption = NO;
				INFOPLIST_KEY_LSApplicationCategoryType = "public.app-category.healthcare-fitness";
				INFOPLIST_KEY_NSHealthShareUsageDescription = "Tallyist reads the drinks other apps record in Health to show them in your log, and the drinks it saved so editing or removing one also updates Health. If you turn them on, it also reads resting heart rate, sleep, heart rate variability and wrist temperature to show your averages beside your log on Trends. These are read on this device and never stored.";
				INFOPLIST_KEY_NSHealthUpdateUsageDescription = "Tallyist saves the drinks you log to Health, so your data stays in one place that you control.";
				INFOPLIST_KEY_UIApplicationSceneManifest_Generation = YES;
				INFOPLIST_KEY_UILaunchScreen_Generation = YES;
				INFOPLIST_KEY_UISupportedInterfaceOrientations_iPad = "UIInterfaceOrientationPortrait UIInterfaceOrientationPortraitUpsideDown UIInterfaceOrientationLandscapeLeft UIInterfaceOrientationLandscapeRight";
				INFOPLIST_KEY_UISupportedInterfaceOrientations_iPhone = UIInterfaceOrientationPortrait;
				LD_RUNPATH_SEARCH_PATHS = (
					"$(inherited)",
					"@executable_path/Frameworks",
				);
				MARKETING_VERSION = 1.4;
				PRODUCT_BUNDLE_IDENTIFIER = "$(BUNDLE_ID_PREFIX).DrinkTracker";
				PRODUCT_NAME = "$(TARGET_NAME)";
				SWIFT_EMIT_LOC_STRINGS = YES;
				SWIFT_VERSION = 5.0;
				TARGETED_DEVICE_FAMILY = "1,2";
			};
			name = Debug;
		};
		1A000000000000000000000F /* Release */ = {
			isa = XCBuildConfiguration;
			buildSettings = {
				ASSETCATALOG_COMPILER_APPICON_NAME = AppIcon;
				ASSETCATALOG_COMPILER_GLOBAL_ACCENT_COLOR_NAME = AccentColor;
				CODE_SIGN_ENTITLEMENTS = DrinkTracker/DrinkTracker.entitlements;
				CURRENT_PROJECT_VERSION = 1;
				ENABLE_PREVIEWS = YES;
				GENERATE_INFOPLIST_FILE = YES;
				INFOPLIST_FILE = DrinkTracker/Info.plist;
				INFOPLIST_KEY_CFBundleDisplayName = Tallyist;
				INFOPLIST_KEY_ITSAppUsesNonExemptEncryption = NO;
				INFOPLIST_KEY_LSApplicationCategoryType = "public.app-category.healthcare-fitness";
				INFOPLIST_KEY_NSHealthShareUsageDescription = "Tallyist reads the drinks other apps record in Health to show them in your log, and the drinks it saved so editing or removing one also updates Health. If you turn them on, it also reads resting heart rate, sleep, heart rate variability and wrist temperature to show your averages beside your log on Trends. These are read on this device and never stored.";
				INFOPLIST_KEY_NSHealthUpdateUsageDescription = "Tallyist saves the drinks you log to Health, so your data stays in one place that you control.";
				INFOPLIST_KEY_UIApplicationSceneManifest_Generation = YES;
				INFOPLIST_KEY_UILaunchScreen_Generation = YES;
				INFOPLIST_KEY_UISupportedInterfaceOrientations_iPad = "UIInterfaceOrientationPortrait UIInterfaceOrientationPortraitUpsideDown UIInterfaceOrientationLandscapeLeft UIInterfaceOrientationLandscapeRight";
				INFOPLIST_KEY_UISupportedInterfaceOrientations_iPhone = UIInterfaceOrientationPortrait;
				LD_RUNPATH_SEARCH_PATHS = (
					"$(inherited)",
					"@executable_path/Frameworks",
				);
				MARKETING_VERSION = 1.4;
				PRODUCT_BUNDLE_IDENTIFIER = "$(BUNDLE_ID_PREFIX).DrinkTracker";
				PRODUCT_NAME = "$(TARGET_NAME)";
				SWIFT_EMIT_LOC_STRINGS = YES;
				SWIFT_VERSION = 5.0;
				TARGETED_DEVICE_FAMILY = "1,2";
			};
			name = Release;
		};
		1A0000000000000000000027 /* Debug */ = {
			isa = XCBuildConfiguration;
			buildSettings = {
				ASSETCATALOG_COMPILER_GLOBAL_ACCENT_COLOR_NAME = AccentColor;
				ASSETCATALOG_COMPILER_WIDGET_BACKGROUND_COLOR_NAME = WidgetBackground;
				CODE_SIGN_ENTITLEMENTS = DrinkTrackerWidget/DrinkTrackerWidget.entitlements;
				CURRENT_PROJECT_VERSION = 1;
				ENABLE_PREVIEWS = YES;
				GENERATE_INFOPLIST_FILE = YES;
				INFOPLIST_FILE = DrinkTrackerWidget/Info.plist;
				INFOPLIST_KEY_CFBundleDisplayName = "Quick Log";
				LD_RUNPATH_SEARCH_PATHS = (
					"$(inherited)",
					"@executable_path/Frameworks",
					"@executable_path/../../Frameworks",
				);
				MARKETING_VERSION = 1.4;
				PRODUCT_BUNDLE_IDENTIFIER = "$(BUNDLE_ID_PREFIX).DrinkTracker.Widget";
				PRODUCT_NAME = "$(TARGET_NAME)";
				SKIP_INSTALL = YES;
				SWIFT_EMIT_LOC_STRINGS = YES;
				SWIFT_VERSION = 5.0;
				TARGETED_DEVICE_FAMILY = "1,2";
			};
			name = Debug;
		};
		1A0000000000000000000028 /* Release */ = {
			isa = XCBuildConfiguration;
			buildSettings = {
				ASSETCATALOG_COMPILER_GLOBAL_ACCENT_COLOR_NAME = AccentColor;
				ASSETCATALOG_COMPILER_WIDGET_BACKGROUND_COLOR_NAME = WidgetBackground;
				CODE_SIGN_ENTITLEMENTS = DrinkTrackerWidget/DrinkTrackerWidget.entitlements;
				CURRENT_PROJECT_VERSION = 1;
				ENABLE_PREVIEWS = YES;
				GENERATE_INFOPLIST_FILE = YES;
				INFOPLIST_FILE = DrinkTrackerWidget/Info.plist;
				INFOPLIST_KEY_CFBundleDisplayName = "Quick Log";
				LD_RUNPATH_SEARCH_PATHS = (
					"$(inherited)",
					"@executable_path/Frameworks",
					"@executable_path/../../Frameworks",
				);
				MARKETING_VERSION = 1.4;
				PRODUCT_BUNDLE_IDENTIFIER = "$(BUNDLE_ID_PREFIX).DrinkTracker.Widget";
				PRODUCT_NAME = "$(TARGET_NAME)";
				SKIP_INSTALL = YES;
				SWIFT_EMIT_LOC_STRINGS = YES;
				SWIFT_VERSION = 5.0;
				TARGETED_DEVICE_FAMILY = "1,2";
			};
			name = Release;
		};
		1A0000000000000000000048 /* Debug */ = {
			isa = XCBuildConfiguration;
			buildSettings = {
				CURRENT_PROJECT_VERSION = 1;
				GENERATE_INFOPLIST_FILE = YES;
				MARKETING_VERSION = 1.4;
				PRODUCT_BUNDLE_IDENTIFIER = "$(BUNDLE_ID_PREFIX).DrinkTrackerTests";
				PRODUCT_NAME = "$(TARGET_NAME)";
				SWIFT_EMIT_LOC_STRINGS = NO;
				SWIFT_VERSION = 5.0;
				TARGETED_DEVICE_FAMILY = "1,2";
			};
			name = Debug;
		};
		1A0000000000000000000049 /* Release */ = {
			isa = XCBuildConfiguration;
			buildSettings = {
				CURRENT_PROJECT_VERSION = 1;
				GENERATE_INFOPLIST_FILE = YES;
				MARKETING_VERSION = 1.4;
				PRODUCT_BUNDLE_IDENTIFIER = "$(BUNDLE_ID_PREFIX).DrinkTrackerTests";
				PRODUCT_NAME = "$(TARGET_NAME)";
				SWIFT_EMIT_LOC_STRINGS = NO;
				SWIFT_VERSION = 5.0;
				TARGETED_DEVICE_FAMILY = "1,2";
			};
			name = Release;
		};
		1A0000000000000000000077 /* Debug */ = {
			isa = XCBuildConfiguration;
			buildSettings = {
				ASSETCATALOG_COMPILER_GLOBAL_ACCENT_COLOR_NAME = AccentColor;
				ASSETCATALOG_COMPILER_WIDGET_BACKGROUND_COLOR_NAME = WidgetBackground;
				CODE_SIGN_ENTITLEMENTS = DrinkTrackerWatchWidget/DrinkTrackerWatchWidget.entitlements;
				CURRENT_PROJECT_VERSION = 1;
				ENABLE_PREVIEWS = YES;
				GENERATE_INFOPLIST_FILE = YES;
				INFOPLIST_FILE = DrinkTrackerWatchWidget/Info.plist;
				INFOPLIST_KEY_CFBundleDisplayName = Tallyist;
				LD_RUNPATH_SEARCH_PATHS = (
					"$(inherited)",
					"@executable_path/Frameworks",
					"@executable_path/../../Frameworks",
				);
				MARKETING_VERSION = 1.4;
				PRODUCT_BUNDLE_IDENTIFIER = "$(BUNDLE_ID_PREFIX).DrinkTracker.watchkitapp.Widget";
				PRODUCT_NAME = "$(TARGET_NAME)";
				SDKROOT = watchos;
				SKIP_INSTALL = YES;
				SWIFT_EMIT_LOC_STRINGS = YES;
				SWIFT_VERSION = 5.0;
				TARGETED_DEVICE_FAMILY = 4;
				WATCHOS_DEPLOYMENT_TARGET = 26.0;
			};
			name = Debug;
		};
		1A0000000000000000000078 /* Release */ = {
			isa = XCBuildConfiguration;
			buildSettings = {
				ASSETCATALOG_COMPILER_GLOBAL_ACCENT_COLOR_NAME = AccentColor;
				ASSETCATALOG_COMPILER_WIDGET_BACKGROUND_COLOR_NAME = WidgetBackground;
				CODE_SIGN_ENTITLEMENTS = DrinkTrackerWatchWidget/DrinkTrackerWatchWidget.entitlements;
				CURRENT_PROJECT_VERSION = 1;
				ENABLE_PREVIEWS = YES;
				GENERATE_INFOPLIST_FILE = YES;
				INFOPLIST_FILE = DrinkTrackerWatchWidget/Info.plist;
				INFOPLIST_KEY_CFBundleDisplayName = Tallyist;
				LD_RUNPATH_SEARCH_PATHS = (
					"$(inherited)",
					"@executable_path/Frameworks",
					"@executable_path/../../Frameworks",
				);
				MARKETING_VERSION = 1.4;
				PRODUCT_BUNDLE_IDENTIFIER = "$(BUNDLE_ID_PREFIX).DrinkTracker.watchkitapp.Widget";
				PRODUCT_NAME = "$(TARGET_NAME)";
				SDKROOT = watchos;
				SKIP_INSTALL = YES;
				SWIFT_EMIT_LOC_STRINGS = YES;
				SWIFT_VERSION = 5.0;
				TARGETED_DEVICE_FAMILY = 4;
				WATCHOS_DEPLOYMENT_TARGET = 26.0;
			};
			name = Release;
		};
		A8402E9730578E8F00F34E9E /* Debug */ = {
			isa = XCBuildConfiguration;
			buildSettings = {
				ASSETCATALOG_COMPILER_APPICON_NAME = AppIcon;
				ASSETCATALOG_COMPILER_GLOBAL_ACCENT_COLOR_NAME = AccentColor;
				CODE_SIGN_ENTITLEMENTS = DrinkTrackerWatch/DrinkTrackerWatch.entitlements;
				CURRENT_PROJECT_VERSION = 1;
				ENABLE_PREVIEWS = YES;
				GENERATE_INFOPLIST_FILE = YES;
				INFOPLIST_FILE = DrinkTrackerWatch/Info.plist;
				INFOPLIST_KEY_CFBundleDisplayName = Tallyist;
				INFOPLIST_KEY_UISupportedInterfaceOrientations = "UIInterfaceOrientationPortrait UIInterfaceOrientationPortraitUpsideDown";
				INFOPLIST_KEY_WKCompanionAppBundleIdentifier = "$(BUNDLE_ID_PREFIX).DrinkTracker";
				LD_RUNPATH_SEARCH_PATHS = (
					"$(inherited)",
					"@executable_path/Frameworks",
				);
				MARKETING_VERSION = 1.4;
				PRODUCT_BUNDLE_IDENTIFIER = "$(BUNDLE_ID_PREFIX).DrinkTracker.watchkitapp";
				PRODUCT_NAME = "$(TARGET_NAME)";
				SDKROOT = watchos;
				SKIP_INSTALL = YES;
				SWIFT_EMIT_LOC_STRINGS = YES;
				SWIFT_VERSION = 5.0;
				TARGETED_DEVICE_FAMILY = 4;
				WATCHOS_DEPLOYMENT_TARGET = 26.0;
			};
			name = Debug;
		};
		A8402E9830578E8F00F34E9E /* Release */ = {
			isa = XCBuildConfiguration;
			buildSettings = {
				ASSETCATALOG_COMPILER_APPICON_NAME = AppIcon;
				ASSETCATALOG_COMPILER_GLOBAL_ACCENT_COLOR_NAME = AccentColor;
				CODE_SIGN_ENTITLEMENTS = DrinkTrackerWatch/DrinkTrackerWatch.entitlements;
				CURRENT_PROJECT_VERSION = 1;
				ENABLE_PREVIEWS = YES;
				GENERATE_INFOPLIST_FILE = YES;
				INFOPLIST_FILE = DrinkTrackerWatch/Info.plist;
				INFOPLIST_KEY_CFBundleDisplayName = Tallyist;
				INFOPLIST_KEY_UISupportedInterfaceOrientations = "UIInterfaceOrientationPortrait UIInterfaceOrientationPortraitUpsideDown";
				INFOPLIST_KEY_WKCompanionAppBundleIdentifier = "$(BUNDLE_ID_PREFIX).DrinkTracker";
				LD_RUNPATH_SEARCH_PATHS = (
					"$(inherited)",
					"@executable_path/Frameworks",
				);
				MARKETING_VERSION = 1.4;
				PRODUCT_BUNDLE_IDENTIFIER = "$(BUNDLE_ID_PREFIX).DrinkTracker.watchkitapp";
				PRODUCT_NAME = "$(TARGET_NAME)";
				SDKROOT = watchos;
				SKIP_INSTALL = YES;
				SWIFT_EMIT_LOC_STRINGS = YES;
				SWIFT_VERSION = 5.0;
				TARGETED_DEVICE_FAMILY = 4;
				WATCHOS_DEPLOYMENT_TARGET = 26.0;
			};
			name = Release;
		};
/* End XCBuildConfiguration section */

/* Begin XCConfigurationList section */
		1A000000000000000000000A /* Build configuration list for PBXProject "DrinkTracker" */ = {
			isa = XCConfigurationList;
			buildConfigurations = (
				1A000000000000000000000C /* Debug */,
				1A000000000000000000000D /* Release */,
			);
			defaultConfigurationIsVisible = 0;
			defaultConfigurationName = Release;
		};
		1A000000000000000000000B /* Build configuration list for PBXNativeTarget "DrinkTracker" */ = {
			isa = XCConfigurationList;
			buildConfigurations = (
				1A000000000000000000000E /* Debug */,
				1A000000000000000000000F /* Release */,
			);
			defaultConfigurationIsVisible = 0;
			defaultConfigurationName = Release;
		};
		1A0000000000000000000026 /* Build configuration list for PBXNativeTarget "DrinkTrackerWidgetExtension" */ = {
			isa = XCConfigurationList;
			buildConfigurations = (
				1A0000000000000000000027 /* Debug */,
				1A0000000000000000000028 /* Release */,
			);
			defaultConfigurationIsVisible = 0;
			defaultConfigurationName = Release;
		};
		1A000000000000000000004A /* Build configuration list for PBXNativeTarget "DrinkTrackerTests" */ = {
			isa = XCConfigurationList;
			buildConfigurations = (
				1A0000000000000000000048 /* Debug */,
				1A0000000000000000000049 /* Release */,
			);
			defaultConfigurationIsVisible = 0;
			defaultConfigurationName = Release;
		};
		1A0000000000000000000076 /* Build configuration list for PBXNativeTarget "DrinkTrackerWatchWidget" */ = {
			isa = XCConfigurationList;
			buildConfigurations = (
				1A0000000000000000000077 /* Debug */,
				1A0000000000000000000078 /* Release */,
			);
			defaultConfigurationIsVisible = 0;
			defaultConfigurationName = Release;
		};
		A8402E9930578E8F00F34E9E /* Build configuration list for PBXNativeTarget "DrinkTrackerWatch" */ = {
			isa = XCConfigurationList;
			buildConfigurations = (
				A8402E9730578E8F00F34E9E /* Debug */,
				A8402E9830578E8F00F34E9E /* Release */,
			);
			defaultConfigurationIsVisible = 0;
			defaultConfigurationName = Release;
		};
/* End XCConfigurationList section */

/* Begin XCLocalSwiftPackageReference section */
		1A0000000000000000000011 /* XCLocalSwiftPackageReference "DrinkTrackerCore" */ = {
			isa = XCLocalSwiftPackageReference;
			relativePath = DrinkTrackerCore;
		};
/* End XCLocalSwiftPackageReference section */

/* Begin XCRemoteSwiftPackageReference section */
		1A0000000000000000000010 /* XCRemoteSwiftPackageReference "ComponentsKit" */ = {
			isa = XCRemoteSwiftPackageReference;
			repositoryURL = "https://github.com/componentskit/ComponentsKit";
			requirement = {
				kind = upToNextMajorVersion;
				minimumVersion = 1.7.1;
			};
		};
/* End XCRemoteSwiftPackageReference section */

/* Begin XCSwiftPackageProductDependency section */
		1A0000000000000000000012 /* ComponentsKit */ = {
			isa = XCSwiftPackageProductDependency;
			package = 1A0000000000000000000010 /* XCRemoteSwiftPackageReference "ComponentsKit" */;
			productName = ComponentsKit;
		};
		1A0000000000000000000013 /* DrinkTrackerCore */ = {
			isa = XCSwiftPackageProductDependency;
			package = 1A0000000000000000000011 /* XCLocalSwiftPackageReference "DrinkTrackerCore" */;
			productName = DrinkTrackerCore;
		};
		1A0000000000000000000029 /* DrinkTrackerCore */ = {
			isa = XCSwiftPackageProductDependency;
			package = 1A0000000000000000000011 /* XCLocalSwiftPackageReference "DrinkTrackerCore" */;
			productName = DrinkTrackerCore;
		};
		1A000000000000000000004B /* DrinkTrackerCore */ = {
			isa = XCSwiftPackageProductDependency;
			package = 1A0000000000000000000011 /* XCLocalSwiftPackageReference "DrinkTrackerCore" */;
			productName = DrinkTrackerCore;
		};
		1A0000000000000000000096 /* DrinkTrackerCore */ = {
			isa = XCSwiftPackageProductDependency;
			package = 1A0000000000000000000011 /* XCLocalSwiftPackageReference "DrinkTrackerCore" */;
			productName = DrinkTrackerCore;
		};
		1A0000000000000000000097 /* DrinkTrackerCore */ = {
			isa = XCSwiftPackageProductDependency;
			package = 1A0000000000000000000011 /* XCLocalSwiftPackageReference "DrinkTrackerCore" */;
			productName = DrinkTrackerCore;
		};
/* End XCSwiftPackageProductDependency section */
	};
	rootObject = 1A0000000000000000000001 /* Project object */;
}
